
Microsoft Visual Studio Solution File, Format Version 12.00
# Visual Studio Version 17
VisualStudioVersion = 17.9.34723.18
MinimumVisualStudioVersion = 10.0.40219.1
Project("{9A19103F-16F7-4668-BE54-9A1E7A4F7556}") = "PDP_Examp", "PDP_Examp.csproj", "{884AC508-6663-40C8-9DF9-13B8BFF3D674}"
EndProject
Global
	GlobalSection(SolutionConfigurationPlatforms) = preSolution
		Debug|Any CPU = Debug|Any CPU
		Release|Any CPU = Release|Any CPU
	EndGlobalSection
	GlobalSection(ProjectConfigurationPlatforms) = postSolution
		{884AC508-6663-40C8-9DF9-13B8BFF3D674}.Debug|Any CPU.ActiveCfg = Debug|Any CPU
		{884AC508-6663-40C8-9DF9-13B8BFF3D674}.Debug|Any CPU.Build.0 = Debug|Any CPU
		{884AC508-6663-40C8-9DF9-13B8BFF3D674}.Release|Any CPU.ActiveCfg = Release|Any CPU
		{884AC508-6663-40C8-9DF9-13B8BFF3D674}.Release|Any CPU.Build.0 = Release|Any CPU
	EndGlobalSection
	GlobalSection(SolutionProperties) = preSolution
		HideSolutionNode = FALSE
	EndGlobalSection
	GlobalSection(ExtensibilityGlobals) = postSolution
		SolutionGuid = {A47A90A8-ADF2-4626-8DD1-E86109B7BC13}
	EndGlobalSection
EndGlobal
